// !$*UTF8*$!
{
	archiveVersion = 1;
	classes = {
	};
	objectVersion = 46;
	objects = {

/* Begin PBXBuildFile section */
		02D7C9FB2A998EB0C5652F1C /* Pods_replayr.framework in Frameworks */ = {isa = PBXBuildFile; fileRef = 354034161D56A59860FC7EDD /* Pods_replayr.framework */; };
		E164731D1E2146C700FF1A24 /* MovieViewController.swift in Sources */ = {isa = PBXBuildFile; fileRef = E16473191E2146C700FF1A24 /* MovieViewController.swift */; };
		E164731E1E2146C700FF1A24 /* TableViewController.swift in Sources */ = {isa = PBXBuildFile; fileRef = E164731A1E2146C700FF1A24 /* TableViewController.swift */; };
		E16473201E2146C700FF1A24 /* ViewControllerTableViewCell.swift in Sources */ = {isa = PBXBuildFile; fileRef = E164731C1E2146C700FF1A24 /* ViewControllerTableViewCell.swift */; };
		E16473271E21475200FF1A24 /* ViewController.swift in Sources */ = {isa = PBXBuildFile; fileRef = E16473261E21475200FF1A24 /* ViewController.swift */; };
		E164732B1E21598D00FF1A24 /* API.swift in Sources */ = {isa = PBXBuildFile; fileRef = E164732A1E21598D00FF1A24 /* API.swift */; };
		E18AF00D1E214242003FDEE4 /* AppDelegate.swift in Sources */ = {isa = PBXBuildFile; fileRef = E18AF00C1E214242003FDEE4 /* AppDelegate.swift */; };
		E18AF0121E214242003FDEE4 /* Main.storyboard in Resources */ = {isa = PBXBuildFile; fileRef = E18AF0101E214242003FDEE4 /* Main.storyboard */; };
		E18AF0141E214242003FDEE4 /* Assets.xcassets in Resources */ = {isa = PBXBuildFile; fileRef = E18AF0131E214242003FDEE4 /* Assets.xcassets */; };
		E18AF0171E214242003FDEE4 /* LaunchScreen.storyboard in Resources */ = {isa = PBXBuildFile; fileRef = E18AF0151E214242003FDEE4 /* LaunchScreen.storyboard */; };
		E1B42B261E255A7A0036EF25 /* MovieViewControllerTableViewCell.swift in Sources */ = {isa = PBXBuildFile; fileRef = E1B42B251E255A7A0036EF25 /* MovieViewControllerTableViewCell.swift */; };
		E1B42B2B1E255D380036EF25 /* SeriesViewController.swift in Sources */ = {isa = PBXBuildFile; fileRef = E1B42B2A1E255D380036EF25 /* SeriesViewController.swift */; };
/* End PBXBuildFile section */

/* Begin PBXFileReference section */
		09D7B6FC4285E70526F28235 /* Pods-replayr.release.xcconfig */ = {isa = PBXFileReference; includeInIndex = 1; lastKnownFileType = text.xcconfig; name = "Pods-replayr.release.xcconfig"; path = "Pods/Target Support Files/Pods-replayr/Pods-replayr.release.xcconfig"; sourceTree = "<group>"; };
		354034161D56A59860FC7EDD /* Pods_replayr.framework */ = {isa = PBXFileReference; explicitFileType = wrapper.framework; includeInIndex = 0; path = Pods_replayr.framework; sourceTree = BUILT_PRODUCTS_DIR; };
		CF0809E4603B4CDA33BD977B /* Pods-replayr.debug.xcconfig */ = {isa = PBXFileReference; includeInIndex = 1; lastKnownFileType = text.xcconfig; name = "Pods-replayr.debug.xcconfig"; path = "Pods/Target Support Files/Pods-replayr/Pods-replayr.debug.xcconfig"; sourceTree = "<group>"; };
		E16473191E2146C700FF1A24 /* MovieViewController.swift */ = {isa = PBXFileReference; fileEncoding = 4; lastKnownFileType = sourcecode.swift; path = MovieViewController.swift; sourceTree = "<group>"; };
		E164731A1E2146C700FF1A24 /* TableViewController.swift */ = {isa = PBXFileReference; fileEncoding = 4; lastKnownFileType = sourcecode.swift; lineEnding = 0; path = TableViewController.swift; sourceTree = "<group>"; xcLanguageSpecificationIdentifier = xcode.lang.swift; };
		E164731C1E2146C700FF1A24 /* ViewControllerTableViewCell.swift */ = {isa = PBXFileReference; fileEncoding = 4; lastKnownFileType = sourcecode.swift; path = ViewControllerTableViewCell.swift; sourceTree = "<group>"; };
		E16473261E21475200FF1A24 /* ViewController.swift */ = {isa = PBXFileReference; fileEncoding = 4; lastKnownFileType = sourcecode.swift; path = ViewController.swift; sourceTree = "<group>"; };
		E164732A1E21598D00FF1A24 /* API.swift */ = {isa = PBXFileReference; fileEncoding = 4; lastKnownFileType = sourcecode.swift; lineEnding = 0; path = API.swift; sourceTree = "<group>"; xcLanguageSpecificationIdentifier = xcode.lang.swift; };
		E18AF0091E214242003FDEE4 /* replayr.app */ = {isa = PBXFileReference; explicitFileType = wrapper.application; includeInIndex = 0; path = replayr.app; sourceTree = BUILT_PRODUCTS_DIR; };
		E18AF00C1E214242003FDEE4 /* AppDelegate.swift */ = {isa = PBXFileReference; lastKnownFileType = sourcecode.swift; lineEnding = 0; path = AppDelegate.swift; sourceTree = "<group>"; xcLanguageSpecificationIdentifier = xcode.lang.swift; };
		E18AF0111E214242003FDEE4 /* Base */ = {isa = PBXFileReference; lastKnownFileType = file.storyboard; name = Base; path = Base.lproj/Main.storyboard; sourceTree = "<group>"; };
		E18AF0131E214242003FDEE4 /* Assets.xcassets */ = {isa = PBXFileReference; lastKnownFileType = folder.assetcatalog; path = Assets.xcassets; sourceTree = "<group>"; };
		E18AF0161E214242003FDEE4 /* Base */ = {isa = PBXFileReference; lastKnownFileType = file.storyboard; name = Base; path = Base.lproj/LaunchScreen.storyboard; sourceTree = "<group>"; };
		E18AF0181E214242003FDEE4 /* Info.plist */ = {isa = PBXFileReference; lastKnownFileType = text.plist.xml; path = Info.plist; sourceTree = "<group>"; };
		E1B42B251E255A7A0036EF25 /* MovieViewControllerTableViewCell.swift */ = {isa = PBXFileReference; fileEncoding = 4; lastKnownFileType = sourcecode.swift; path = MovieViewControllerTableViewCell.swift; sourceTree = "<group>"; };
		E1B42B2A1E255D380036EF25 /* SeriesViewController.swift */ = {isa = PBXFileReference; fileEncoding = 4; lastKnownFileType = sourcecode.swift; path = SeriesViewController.swift; sourceTree = "<group>"; };
/* End PBXFileReference section */

/* Begin PBXFrameworksBuildPhase section */
		E18AF0061E214242003FDEE4 /* Frameworks */ = {
			isa = PBXFrameworksBuildPhase;
			buildActionMask = 2147483647;
			files = (
				02D7C9FB2A998EB0C5652F1C /* Pods_replayr.framework in Frameworks */,
			);
			runOnlyForDeploymentPostprocessing = 0;
		};
/* End PBXFrameworksBuildPhase section */

/* Begin PBXGroup section */
		78F742DA8995D96803284276 /* Pods */ = {
			isa = PBXGroup;
			children = (
				CF0809E4603B4CDA33BD977B /* Pods-replayr.debug.xcconfig */,
				09D7B6FC4285E70526F28235 /* Pods-replayr.release.xcconfig */,
			);
			name = Pods;
			sourceTree = "<group>";
		};
		E16473211E2146CB00FF1A24 /* View controllers */ = {
			isa = PBXGroup;
			children = (
				E1B42B271E255A850036EF25 /* Table Views */,
				E16473261E21475200FF1A24 /* ViewController.swift */,
			);
			name = "View controllers";
			sourceTree = "<group>";
		};
		E18AF0001E214242003FDEE4 = {
			isa = PBXGroup;
			children = (
				E18AF00B1E214242003FDEE4 /* replayr */,
				E18AF00A1E214242003FDEE4 /* Products */,
				78F742DA8995D96803284276 /* Pods */,
				E7D0E56FEB3F7DDC8676302C /* Frameworks */,
			);
			sourceTree = "<group>";
		};
		E18AF00A1E214242003FDEE4 /* Products */ = {
			isa = PBXGroup;
			children = (
				E18AF0091E214242003FDEE4 /* replayr.app */,
			);
			name = Products;
			sourceTree = "<group>";
		};
		E18AF00B1E214242003FDEE4 /* replayr */ = {
			isa = PBXGroup;
			children = (
				E164732A1E21598D00FF1A24 /* API.swift */,
				E1B42B251E255A7A0036EF25 /* MovieViewControllerTableViewCell.swift */,
				E164731C1E2146C700FF1A24 /* ViewControllerTableViewCell.swift */,
				E16473211E2146CB00FF1A24 /* View controllers */,
				E18AF00C1E214242003FDEE4 /* AppDelegate.swift */,
				E18AF0101E214242003FDEE4 /* Main.storyboard */,
				E18AF0131E214242003FDEE4 /* Assets.xcassets */,
				E18AF0151E214242003FDEE4 /* LaunchScreen.storyboard */,
				E18AF0181E214242003FDEE4 /* Info.plist */,
			);
			path = replayr;
			sourceTree = "<group>";
		};
		E1B42B271E255A850036EF25 /* Table Views */ = {
			isa = PBXGroup;
			children = (
				E164731A1E2146C700FF1A24 /* TableViewController.swift */,
				E1B42B2A1E255D380036EF25 /* SeriesViewController.swift */,
				E16473191E2146C700FF1A24 /* MovieViewController.swift */,
			);
			name = "Table Views";
			sourceTree = "<group>";
		};
		E7D0E56FEB3F7DDC8676302C /* Frameworks */ = {
			isa = PBXGroup;
			children = (
				354034161D56A59860FC7EDD /* Pods_replayr.framework */,
			);
			name = Frameworks;
			sourceTree = "<group>";
		};
/* End PBXGroup section */

/* Begin PBXNativeTarget section */
		E18AF0081E214242003FDEE4 /* replayr */ = {
			isa = PBXNativeTarget;
			buildConfigurationList = E18AF01B1E214242003FDEE4 /* Build configuration list for PBXNativeTarget "replayr" */;
			buildPhases = (
				C67F067B121E8107A3607787 /* [CP] Check Pods Manifest.lock */,
				E18AF0051E214242003FDEE4 /* Sources */,
				E18AF0061E214242003FDEE4 /* Frameworks */,
				E18AF0071E214242003FDEE4 /* Resources */,
				6DF19F982FFA08626EF13403 /* [CP] Embed Pods Frameworks */,
				F419760533575A35658B48CD /* [CP] Copy Pods Resources */,
			);
			buildRules = (
			);
			dependencies = (
			);
			name = replayr;
			productName = replayr;
			productReference = E18AF0091E214242003FDEE4 /* replayr.app */;
			productType = "com.apple.product-type.application";
		};
/* End PBXNativeTarget section */

/* Begin PBXProject section */
		E18AF0011E214242003FDEE4 /* Project object */ = {
			isa = PBXProject;
			attributes = {
				LastSwiftUpdateCheck = 0820;
				LastUpgradeCheck = 0820;
				ORGANIZATIONNAME = amundsencode;
				TargetAttributes = {
					E18AF0081E214242003FDEE4 = {
						CreatedOnToolsVersion = 8.2.1;
						DevelopmentTeam = A3NZ96F2M2;
						ProvisioningStyle = Automatic;
					};
				};
			};
			buildConfigurationList = E18AF0041E214242003FDEE4 /* Build configuration list for PBXProject "replayr" */;
			compatibilityVersion = "Xcode 3.2";
			developmentRegion = English;
			hasScannedForEncodings = 0;
			knownRegions = (
				en,
				Base,
			);
			mainGroup = E18AF0001E214242003FDEE4;
			productRefGroup = E18AF00A1E214242003FDEE4 /* Products */;
			projectDirPath = "";
			projectRoot = "";
			targets = (
				E18AF0081E214242003FDEE4 /* replayr */,
			);
		};
/* End PBXProject section */

/* Begin PBXResourcesBuildPhase section */
		E18AF0071E214242003FDEE4 /* Resources */ = {
			isa = PBXResourcesBuildPhase;
			buildActionMask = 2147483647;
			files = (
				E18AF0171E214242003FDEE4 /* LaunchScreen.storyboard in Resources */,
				E18AF0141E214242003FDEE4 /* Assets.xcassets in Resources */,
				E18AF0121E214242003FDEE4 /* Main.storyboard in Resources */,
			);
			runOnlyForDeploymentPostprocessing = 0;
		};
/* End PBXResourcesBuildPhase section */

/* Begin PBXShellScriptBuildPhase section */
		6DF19F982FFA08626EF13403 /* [CP] Embed Pods Frameworks */ = {
			isa = PBXShellScriptBuildPhase;
			buildActionMask = 2147483647;
			files = (
			);
			inputPaths = (
			);
			name = "[CP] Embed Pods Frameworks";
			outputPaths = (
			);
			runOnlyForDeploymentPostprocessing = 0;
			shellPath = /bin/sh;
			shellScript = "\"${SRCROOT}/Pods/Target Support Files/Pods-replayr/Pods-replayr-frameworks.sh\"\n";
			showEnvVarsInLog = 0;
		};
		C67F067B121E8107A3607787 /* [CP] Check Pods Manifest.lock */ = {
			isa = PBXShellScriptBuildPhase;
			buildActionMask = 2147483647;
			files = (
			);
			inputPaths = (
			);
			name = "[CP] Check Pods Manifest.lock";
			outputPaths = (
			);
			runOnlyForDeploymentPostprocessing = 0;
			shellPath = /bin/sh;
			shellScript = "diff \"${PODS_ROOT}/../Podfile.lock\" \"${PODS_ROOT}/Manifest.lock\" > /dev/null\nif [ $? != 0 ] ; then\n    # print error to STDERR\n    echo \"error: The sandbox is not in sync with the Podfile.lock. Run 'pod install' or update your CocoaPods installation.\" >&2\n    exit 1\nfi\n";
			showEnvVarsInLog = 0;
		};
		F419760533575A35658B48CD /* [CP] Copy Pods Resources */ = {
			isa = PBXShellScriptBuildPhase;
			buildActionMask = 2147483647;
			files = (
			);
			inputPaths = (
			);
			name = "[CP] Copy Pods Resources";
			outputPaths = (
			);
			runOnlyForDeploymentPostprocessing = 0;
			shellPath = /bin/sh;
			shellScript = "\"${SRCROOT}/Pods/Target Support Files/Pods-replayr/Pods-replayr-resources.sh\"\n";
			showEnvVarsInLog = 0;
		};
/* End PBXShellScriptBuildPhase section */

/* Begin PBXSourcesBuildPhase section */
		E18AF0051E214242003FDEE4 /* Sources */ = {
			isa = PBXSourcesBuildPhase;
			buildActionMask = 2147483647;
			files = (
				E16473271E21475200FF1A24 /* ViewController.swift in Sources */,
				E16473201E2146C700FF1A24 /* ViewControllerTableViewCell.swift in Sources */,
				E18AF00D1E214242003FDEE4 /* AppDelegate.swift in Sources */,
				E164731D1E2146C700FF1A24 /* MovieViewController.swift in Sources */,
				E164731E1E2146C700FF1A24 /* TableViewController.swift in Sources */,
				E164732B1E21598D00FF1A24 /* API.swift in Sources */,
				E1B42B261E255A7A0036EF25 /* MovieViewControllerTableViewCell.swift in Sources */,
				E1B42B2B1E255D380036EF25 /* SeriesViewController.swift in Sources */,
			);
			runOnlyForDeploymentPostprocessing = 0;
		};
/* End PBXSourcesBuildPhase section */

/* Begin PBXVariantGroup section */
		E18AF0101E214242003FDEE4 /* Main.storyboard */ = {
			isa = PBXVariantGroup;
			children = (
				E18AF0111E214242003FDEE4 /* Base */,
			);
			name = Main.storyboard;
			sourceTree = "<group>";
		};
		E18AF0151E214242003FDEE4 /* LaunchScreen.storyboard */ = {
			isa = PBXVariantGroup;
			children = (
				E18AF0161E214242003FDEE4 /* Base */,
			);
			name = LaunchScreen.storyboard;
			sourceTree = "<group>";
		};
/* End PBXVariantGroup section */

/* Begin XCBuildConfiguration section */
		E18AF0191E214242003FDEE4 /* Debug */ = {
			isa = XCBuildConfiguration;
			buildSettings = {
				ALWAYS_SEARCH_USER_PATHS = NO;
				CLANG_ANALYZER_NONNULL = YES;
				CLANG_CXX_LANGUAGE_STANDARD = "gnu++0x";
				CLANG_CXX_LIBRARY = "libc++";
				CLANG_ENABLE_MODULES = YES;
				CLANG_ENABLE_OBJC_ARC = YES;
				CLANG_WARN_BOOL_CONVERSION = YES;
				CLANG_WARN_CONSTANT_CONVERSION = YES;
				CLANG_WARN_DIRECT_OBJC_ISA_USAGE = YES_ERROR;
				CLANG_WARN_DOCUMENTATION_COMMENTS = YES;
				CLANG_WARN_EMPTY_BODY = YES;
				CLANG_WARN_ENUM_CONVERSION = YES;
				CLANG_WARN_INFINITE_RECURSION = YES;
				CLANG_WARN_INT_CONVERSION = YES;
				CLANG_WARN_OBJC_ROOT_CLASS = YES_ERROR;
				CLANG_WARN_SUSPICIOUS_MOVE = YES;
				CLANG_WARN_UNREACHABLE_CODE = YES;
				CLANG_WARN__DUPLICATE_METHOD_MATCH = YES;
				"CODE_SIGN_IDENTITY[sdk=iphoneos*]" = "iPhone Developer";
				COPY_PHASE_STRIP = NO;
				DEBUG_ACTIVITY_MODE = "";
				"DEBUG_ACTIVITY_MODE[sdk=iphonesimulator*]" = disable;
				DEBUG_INFORMATION_FORMAT = dwarf;
				ENABLE_STRICT_OBJC_MSGSEND = YES;
				ENABLE_TESTABILITY = YES;
				GCC_C_LANGUAGE_STANDARD = gnu99;
				GCC_DYNAMIC_NO_PIC = NO;
				GCC_NO_COMMON_BLOCKS = YES;
				GCC_OPTIMIZATION_LEVEL = 0;
				GCC_PREPROCESSOR_DEFINITIONS = (
					"DEBUG=1",
					"$(inherited)",
				);
				GCC_WARN_64_TO_32_BIT_CONVERSION = YES;
				GCC_WARN_ABOUT_RETURN_TYPE = YES_ERROR;
				GCC_WARN_UNDECLARED_SELECTOR = YES;
				GCC_WARN_UNINITIALIZED_AUTOS = YES_AGGRESSIVE;
				GCC_WARN_UNUSED_FUNCTION = YES;
				GCC_WARN_UNUSED_VARIABLE = YES;
				IPHONEOS_DEPLOYMENT_TARGET = 10.0;
				MTL_ENABLE_DEBUG_INFO = YES;
				ONLY_ACTIVE_ARCH = YES;
				SDKROOT = iphoneos;
				SWIFT_ACTIVE_COMPILATION_CONDITIONS = DEBUG;
				SWIFT_OPTIMIZATION_LEVEL = "-Onone";
			};
			name = Debug;
		};
		E18AF01A1E214242003FDEE4 /* Release */ = {
			isa = XCBuildConfiguration;
			buildSettings = {
				ALWAYS_SEARCH_USER_PATHS = NO;
				CLANG_ANALYZER_NONNULL = YES;
				CLANG_CXX_LANGUAGE_STANDARD = "gnu++0x";
				CLANG_CXX_LIBRARY = "libc++";
				CLANG_ENABLE_MODULES = YES;
				CLANG_ENABLE_OBJC_ARC = YES;
				CLANG_WARN_BOOL_CONVERSION = YES;
				CLANG_WARN_CONSTANT_CONVERSION = YES;
				CLANG_WARN_DIRECT_OBJC_ISA_USAGE = YES_ERROR;
				CLANG_WARN_DOCUMENTATION_COMMENTS = YES;
				CLANG_WARN_EMPTY_BODY = YES;
				CLANG_WARN_ENUM_CONVERSION = YES;
				CLANG_WARN_INFINITE_RECURSION = YES;
				CLANG_WARN_INT_CONVERSION = YES;
				CLANG_WARN_OBJC_ROOT_CLASS = YES_ERROR;
				CLANG_WARN_SUSPICIOUS_MOVE = YES;
				CLANG_WARN_UNREACHABLE_CODE = YES;
				CLANG_WARN__DUPLICATE_METHOD_MATCH = YES;
				"CODE_SIGN_IDENTITY[sdk=iphoneos*]" = "iPhone Developer";
				COPY_PHASE_STRIP = NO;
				DEBUG_ACTIVITY_MODE = "";
				DEBUG_INFORMATION_FORMAT = "dwarf-with-dsym";
				ENABLE_NS_ASSERTIONS = NO;
				ENABLE_STRICT_OBJC_MSGSEND = YES;
				GCC_C_LANGUAGE_STANDARD = gnu99;
				GCC_NO_COMMON_BLOCKS = YES;
				GCC_WARN_64_TO_32_BIT_CONVERSION = YES;
				GCC_WARN_ABOUT_RETURN_TYPE = YES_ERROR;
				GCC_WARN_UNDECLARED_SELECTOR = YES;
				GCC_WARN_UNINITIALIZED_AUTOS = YES_AGGRESSIVE;
				GCC_WARN_UNUSED_FUNCTION = YES;
				GCC_WARN_UNUSED_VARIABLE = YES;
				IPHONEOS_DEPLOYMENT_TARGET = 10.0;
				MTL_ENABLE_DEBUG_INFO = NO;
				SDKROOT = iphoneos;
				SWIFT_OPTIMIZATION_LEVEL = "-Owholemodule";
				VALIDATE_PRODUCT = YES;
			};
			name = Release;
		};
		E18AF01C1E214242003FDEE4 /* Debug */ = {
			isa = XCBuildConfiguration;
			baseConfigurationReference = CF0809E4603B4CDA33BD977B /* Pods-replayr.debug.xcconfig */;
			buildSettings = {
				ALWAYS_EMBED_SWIFT_STANDARD_LIBRARIES = YES;
				ASSETCATALOG_COMPILER_APPICON_NAME = AppIcon;
				DEVELOPMENT_TEAM = A3NZ96F2M2;
				INFOPLIST_FILE = replayr/Info.plist;
				LD_RUNPATH_SEARCH_PATHS = "$(inherited) @executable_path/Frameworks";
				PRODUCT_BUNDLE_IDENTIFIER = com.amundsencode.replayr;
				PRODUCT_NAME = "$(TARGET_NAME)";
				SWIFT_VERSION = 3.0;
			};
			name = Debug;
		};
		E18AF01D1E214242003FDEE4 /* Release */ = {
			isa = XCBuildConfiguration;
			baseConfigurationReference = 09D7B6FC4285E70526F28235 /* Pods-replayr.release.xcconfig */;
			buildSettings = {
				ALWAYS_EMBED_SWIFT_STANDARD_LIBRARIES = YES;
				ASSETCATALOG_COMPILER_APPICON_NAME = AppIcon;
				DEVELOPMENT_TEAM = A3NZ96F2M2;
				INFOPLIST_FILE = replayr/Info.plist;
				LD_RUNPATH_SEARCH_PATHS = "$(inherited) @executable_path/Frameworks";
				PRODUCT_BUNDLE_IDENTIFIER = com.amundsencode.replayr;
				PRODUCT_NAME = "$(TARGET_NAME)";
				SWIFT_VERSION = 3.0;
			};
			name = Release;
		};
/* End XCBuildConfiguration section */

/* Begin XCConfigurationList section */
		E18AF0041E214242003FDEE4 /* Build configuration list for PBXProject "replayr" */ = {
			isa = XCConfigurationList;
			buildConfigurations = (
				E18AF0191E214242003FDEE4 /* Debug */,
				E18AF01A1E214242003FDEE4 /* Release */,
			);
			defaultConfigurationIsVisible = 0;
			defaultConfigurationName = Release;
		};
		E18AF01B1E214242003FDEE4 /* Build configuration list for PBXNativeTarget "replayr" */ = {
			isa = XCConfigurationList;
			buildConfigurations = (
				E18AF01C1E214242003FDEE4 /* Debug */,
				E18AF01D1E214242003FDEE4 /* Release */,
			);
			defaultConfigurationIsVisible = 0;
			defaultConfigurationName = Release;
		};
/* End XCConfigurationList section */
	};
	rootObject = E18AF0011E214242003FDEE4 /* Project object */;
}
